
Microsoft Visual Studio Solution File, Format Version 12.00
# Visual Studio Version 16
VisualStudioVersion = 16.0.30104.148
MinimumVisualStudioVersion = 10.0.40219.1
Project("{FAE04EC0-301F-11D3-BF4B-00C04F79EFBC}") = "Cuarto.WebApp", "Cuarto.WebApp\Cuarto.WebApp.csproj", "{EA7D70D9-3FFA-495B-894C-3DE42CDF492B}"
EndProject
Global
	GlobalSection(SolutionConfigurationPlatforms) = preSolution
		Debug|Any CPU = Debug|Any CPU
		Release|Any CPU = Release|Any CPU
	EndGlobalSection
	GlobalSection(ProjectConfigurationPlatforms) = postSolution
		{EA7D70D9-3FFA-495B-894C-3DE42CDF492B}.Debug|Any CPU.ActiveCfg = Debug|Any CPU
		{EA7D70D9-3FFA-495B-894C-3DE42CDF492B}.Debug|Any CPU.Build.0 = Debug|Any CPU
		{EA7D70D9-3FFA-495B-894C-3DE42CDF492B}.Release|Any CPU.ActiveCfg = Release|Any CPU
		{EA7D70D9-3FFA-495B-894C-3DE42CDF492B}.Release|Any CPU.Build.0 = Release|Any CPU
	EndGlobalSection
	GlobalSection(SolutionProperties) = preSolution
		HideSolutionNode = FALSE
	EndGlobalSection
	GlobalSection(ExtensibilityGlobals) = postSolution
		SolutionGuid = {000C8B1B-7ACB-4DDC-B577-070FA18757BF}
	EndGlobalSection
EndGlobal
